
Microsoft Visual Studio Solution File, Format Version 12.00
# Visual Studio 15
VisualStudioVersion = 15.0.28010.2046
MinimumVisualStudioVersion = 10.0.40219.1
Project("{FAE04EC0-301F-11D3-BF4B-00C04F79EFBC}") = "UDPSensorReciever", "UDPSensorReciever\UDPSensorReciever.csproj", "{AB504D31-9E13-4ED0-BB93-9649E58E246B}"
EndProject
Global
	GlobalSection(SolutionConfigurationPlatforms) = preSolution
		Debug|Any CPU = Debug|Any CPU
		Release|Any CPU = Release|Any CPU
	EndGlobalSection
	GlobalSection(ProjectConfigurationPlatforms) = postSolution
		{AB504D31-9E13-4ED0-BB93-9649E58E246B}.Debug|Any CPU.ActiveCfg = Debug|Any CPU
		{AB504D31-9E13-4ED0-BB93-9649E58E246B}.Debug|Any CPU.Build.0 = Debug|Any CPU
		{AB504D31-9E13-4ED0-BB93-9649E58E246B}.Release|Any CPU.ActiveCfg = Release|Any CPU
		{AB504D31-9E13-4ED0-BB93-9649E58E246B}.Release|Any CPU.Build.0 = Release|Any CPU
	EndGlobalSection
	GlobalSection(SolutionProperties) = preSolution
		HideSolutionNode = FALSE
	EndGlobalSection
	GlobalSection(ExtensibilityGlobals) = postSolution
		SolutionGuid = {FBAEF671-A9DC-42FF-A9BC-E77C19F8005B}
	EndGlobalSection
EndGlobal
